
Microsoft Visual Studio Solution File, Format Version 12.00
# Visual Studio 15
VisualStudioVersion = 15.0.28010.2048
MinimumVisualStudioVersion = 10.0.40219.1
Project("{FAE04EC0-301F-11D3-BF4B-00C04F79EFBC}") = "Kursovoy_Project", "Kursovoy_Project\Kursovoy_Project.csproj", "{7C766ABD-3689-4F8D-9E56-9072E86257CB}"
EndProject
Global
	GlobalSection(SolutionConfigurationPlatforms) = preSolution
		Debug|Any CPU = Debug|Any CPU
		Release|Any CPU = Release|Any CPU
	EndGlobalSection
	GlobalSection(ProjectConfigurationPlatforms) = postSolution
		{7C766ABD-3689-4F8D-9E56-9072E86257CB}.Debug|Any CPU.ActiveCfg = Debug|Any CPU
		{7C766ABD-3689-4F8D-9E56-9072E86257CB}.Debug|Any CPU.Build.0 = Debug|Any CPU
		{7C766ABD-3689-4F8D-9E56-9072E86257CB}.Release|Any CPU.ActiveCfg = Release|Any CPU
		{7C766ABD-3689-4F8D-9E56-9072E86257CB}.Release|Any CPU.Build.0 = Release|Any CPU
	EndGlobalSection
	GlobalSection(SolutionProperties) = preSolution
		HideSolutionNode = FALSE
	EndGlobalSection
	GlobalSection(ExtensibilityGlobals) = postSolution
		SolutionGuid = {CD7A79F6-755E-4FA1-9D66-AD6C066B478A}
	EndGlobalSection
EndGlobal
